// !$*UTF8*$!
{
	archiveVersion = 1;
	classes = {
	};
	objectVersion = 50;
	objects = {

/* Begin PBXBuildFile section */
		960F14C824FBDD3A0009046E /* Exhibition+CoreDataClass.swift in Sources */ = {isa = PBXBuildFile; fileRef = 960F14C424FBDD3A0009046E /* Exhibition+CoreDataClass.swift */; };
		960F14C924FBDD3A0009046E /* Exhibition+CoreDataProperties.swift in Sources */ = {isa = PBXBuildFile; fileRef = 960F14C524FBDD3A0009046E /* Exhibition+CoreDataProperties.swift */; };
		960F14CA24FBDD3A0009046E /* Plant+CoreDataClass.swift in Sources */ = {isa = PBXBuildFile; fileRef = 960F14C624FBDD3A0009046E /* Plant+CoreDataClass.swift */; };
		960F14CB24FBDD3A0009046E /* Plant+CoreDataProperties.swift in Sources */ = {isa = PBXBuildFile; fileRef = 960F14C724FBDD3A0009046E /* Plant+CoreDataProperties.swift */; };
		961C42AC250F857F0041B4FB /* EditPlantViewController.swift in Sources */ = {isa = PBXBuildFile; fileRef = 961C42AB250F857F0041B4FB /* EditPlantViewController.swift */; };
		961C42B42511D0D10041B4FB /* ExhibitDetailPantTableViewCell.swift in Sources */ = {isa = PBXBuildFile; fileRef = 961C42B32511D0D10041B4FB /* ExhibitDetailPantTableViewCell.swift */; };
		961C42B6251248150041B4FB /* LoadingViewController.swift in Sources */ = {isa = PBXBuildFile; fileRef = 961C42B5251248140041B4FB /* LoadingViewController.swift */; };
		96239044250533E00045844E /* ExhibitDetailViewController.swift in Sources */ = {isa = PBXBuildFile; fileRef = 96239043250533E00045844E /* ExhibitDetailViewController.swift */; };
		96239046250534630045844E /* PlantTableViewController.swift in Sources */ = {isa = PBXBuildFile; fileRef = 96239045250534630045844E /* PlantTableViewController.swift */; };
		962390482505347B0045844E /* PlantTableViewCell.swift in Sources */ = {isa = PBXBuildFile; fileRef = 962390472505347B0045844E /* PlantTableViewCell.swift */; };
		962A718D2506098900020610 /* AddExhibitionViewController.swift in Sources */ = {isa = PBXBuildFile; fileRef = 962A718C2506098900020610 /* AddExhibitionViewController.swift */; };
		962A718F25060A7200020610 /* Constants.swift in Sources */ = {isa = PBXBuildFile; fileRef = 962A718E25060A7200020610 /* Constants.swift */; };
		962A71912506801800020610 /* PlantSearch.swift in Sources */ = {isa = PBXBuildFile; fileRef = 962A71902506801800020610 /* PlantSearch.swift */; };
		96654BF224FD10EF000D7512 /* InitializeDefaultExhibits.swift in Sources */ = {isa = PBXBuildFile; fileRef = 96654BF124FD10EF000D7512 /* InitializeDefaultExhibits.swift */; };
		96654BF424FD16A3000D7512 /* ExhibitAnnotation.swift in Sources */ = {isa = PBXBuildFile; fileRef = 96654BF324FD16A3000D7512 /* ExhibitAnnotation.swift */; };
		96654BFE24FDFDA9000D7512 /* ExhibitTableViewController.swift in Sources */ = {isa = PBXBuildFile; fileRef = 96654BFD24FDFDA9000D7512 /* ExhibitTableViewController.swift */; };
		96654C0024FDFE24000D7512 /* ExhibitTableViewCell.swift in Sources */ = {isa = PBXBuildFile; fileRef = 96654BFF24FDFE24000D7512 /* ExhibitTableViewCell.swift */; };
		96D6230325072CB5003EAC92 /* PlantModel.swift in Sources */ = {isa = PBXBuildFile; fileRef = 96D6230225072CB5003EAC92 /* PlantModel.swift */; };
		96E34E2424F4BA3D009AF848 /* AppDelegate.swift in Sources */ = {isa = PBXBuildFile; fileRef = 96E34E2324F4BA3D009AF848 /* AppDelegate.swift */; };
		96E34E2624F4BA3D009AF848 /* SceneDelegate.swift in Sources */ = {isa = PBXBuildFile; fileRef = 96E34E2524F4BA3D009AF848 /* SceneDelegate.swift */; };
		96E34E2D24F4BA3D009AF848 /* Main.storyboard in Resources */ = {isa = PBXBuildFile; fileRef = 96E34E2B24F4BA3D009AF848 /* Main.storyboard */; };
		96E34E3024F4BA3D009AF848 /* Garden_Exhibitor_Aid.xcdatamodeld in Sources */ = {isa = PBXBuildFile; fileRef = 96E34E2E24F4BA3D009AF848 /* Garden_Exhibitor_Aid.xcdatamodeld */; };
		96E34E3224F4BA40009AF848 /* Assets.xcassets in Resources */ = {isa = PBXBuildFile; fileRef = 96E34E3124F4BA40009AF848 /* Assets.xcassets */; };
		96E34E3524F4BA40009AF848 /* LaunchScreen.storyboard in Resources */ = {isa = PBXBuildFile; fileRef = 96E34E3324F4BA40009AF848 /* LaunchScreen.storyboard */; };
		96E34E3D24F4DB5C009AF848 /* HomeScreenController.swift in Sources */ = {isa = PBXBuildFile; fileRef = 96E34E3C24F4DB5C009AF848 /* HomeScreenController.swift */; };
/* End PBXBuildFile section */

/* Begin PBXFileReference section */
		960F14C424FBDD3A0009046E /* Exhibition+CoreDataClass.swift */ = {isa = PBXFileReference; lastKnownFileType = sourcecode.swift; path = "Exhibition+CoreDataClass.swift"; sourceTree = "<group>"; };
		960F14C524FBDD3A0009046E /* Exhibition+CoreDataProperties.swift */ = {isa = PBXFileReference; lastKnownFileType = sourcecode.swift; path = "Exhibition+CoreDataProperties.swift"; sourceTree = "<group>"; };
		960F14C624FBDD3A0009046E /* Plant+CoreDataClass.swift */ = {isa = PBXFileReference; lastKnownFileType = sourcecode.swift; path = "Plant+CoreDataClass.swift"; sourceTree = "<group>"; };
		960F14C724FBDD3A0009046E /* Plant+CoreDataProperties.swift */ = {isa = PBXFileReference; lastKnownFileType = sourcecode.swift; path = "Plant+CoreDataProperties.swift"; sourceTree = "<group>"; };
		961C42AB250F857F0041B4FB /* EditPlantViewController.swift */ = {isa = PBXFileReference; lastKnownFileType = sourcecode.swift; path = EditPlantViewController.swift; sourceTree = "<group>"; };
		961C42AD25106B7D0041B4FB /* default.gpx */ = {isa = PBXFileReference; lastKnownFileType = text.xml; name = default.gpx; path = ../../../../../../Downloads/default.gpx; sourceTree = "<group>"; };
		961C42AE25106C3A0041B4FB /* two.gpx */ = {isa = PBXFileReference; lastKnownFileType = text.xml; name = two.gpx; path = ../../../../../../Downloads/two.gpx; sourceTree = "<group>"; };
		961C42B32511D0D10041B4FB /* ExhibitDetailPantTableViewCell.swift */ = {isa = PBXFileReference; lastKnownFileType = sourcecode.swift; path = ExhibitDetailPantTableViewCell.swift; sourceTree = "<group>"; };
		961C42B5251248140041B4FB /* LoadingViewController.swift */ = {isa = PBXFileReference; lastKnownFileType = sourcecode.swift; path = LoadingViewController.swift; sourceTree = "<group>"; };
		96239043250533E00045844E /* ExhibitDetailViewController.swift */ = {isa = PBXFileReference; lastKnownFileType = sourcecode.swift; path = ExhibitDetailViewController.swift; sourceTree = "<group>"; };
		96239045250534630045844E /* PlantTableViewController.swift */ = {isa = PBXFileReference; lastKnownFileType = sourcecode.swift; path = PlantTableViewController.swift; sourceTree = "<group>"; };
		962390472505347B0045844E /* PlantTableViewCell.swift */ = {isa = PBXFileReference; lastKnownFileType = sourcecode.swift; path = PlantTableViewCell.swift; sourceTree = "<group>"; };
		962A718C2506098900020610 /* AddExhibitionViewController.swift */ = {isa = PBXFileReference; lastKnownFileType = sourcecode.swift; path = AddExhibitionViewController.swift; sourceTree = "<group>"; };
		962A718E25060A7200020610 /* Constants.swift */ = {isa = PBXFileReference; lastKnownFileType = sourcecode.swift; path = Constants.swift; sourceTree = "<group>"; };
		962A71902506801800020610 /* PlantSearch.swift */ = {isa = PBXFileReference; lastKnownFileType = sourcecode.swift; path = PlantSearch.swift; sourceTree = "<group>"; };
		96654BF124FD10EF000D7512 /* InitializeDefaultExhibits.swift */ = {isa = PBXFileReference; lastKnownFileType = sourcecode.swift; path = InitializeDefaultExhibits.swift; sourceTree = "<group>"; };
		96654BF324FD16A3000D7512 /* ExhibitAnnotation.swift */ = {isa = PBXFileReference; lastKnownFileType = sourcecode.swift; path = ExhibitAnnotation.swift; sourceTree = "<group>"; };
		96654BFD24FDFDA9000D7512 /* ExhibitTableViewController.swift */ = {isa = PBXFileReference; lastKnownFileType = sourcecode.swift; path = ExhibitTableViewController.swift; sourceTree = "<group>"; };
		96654BFF24FDFE24000D7512 /* ExhibitTableViewCell.swift */ = {isa = PBXFileReference; lastKnownFileType = sourcecode.swift; path = ExhibitTableViewCell.swift; sourceTree = "<group>"; };
		96D6230225072CB5003EAC92 /* PlantModel.swift */ = {isa = PBXFileReference; lastKnownFileType = sourcecode.swift; path = PlantModel.swift; sourceTree = "<group>"; };
		96E34E2024F4BA3D009AF848 /* Garden Exhibitor Aid.app */ = {isa = PBXFileReference; explicitFileType = wrapper.application; includeInIndex = 0; path = "Garden Exhibitor Aid.app"; sourceTree = BUILT_PRODUCTS_DIR; };
		96E34E2324F4BA3D009AF848 /* AppDelegate.swift */ = {isa = PBXFileReference; lastKnownFileType = sourcecode.swift; path = AppDelegate.swift; sourceTree = "<group>"; };
		96E34E2524F4BA3D009AF848 /* SceneDelegate.swift */ = {isa = PBXFileReference; lastKnownFileType = sourcecode.swift; path = SceneDelegate.swift; sourceTree = "<group>"; };
		96E34E2C24F4BA3D009AF848 /* Base */ = {isa = PBXFileReference; lastKnownFileType = file.storyboard; name = Base; path = Base.lproj/Main.storyboard; sourceTree = "<group>"; };
		96E34E2F24F4BA3D009AF848 /* Garden_Exhibitor_Aid.xcdatamodel */ = {isa = PBXFileReference; lastKnownFileType = wrapper.xcdatamodel; path = Garden_Exhibitor_Aid.xcdatamodel; sourceTree = "<group>"; };
		96E34E3124F4BA40009AF848 /* Assets.xcassets */ = {isa = PBXFileReference; lastKnownFileType = folder.assetcatalog; path = Assets.xcassets; sourceTree = "<group>"; };
		96E34E3424F4BA40009AF848 /* Base */ = {isa = PBXFileReference; lastKnownFileType = file.storyboard; name = Base; path = Base.lproj/LaunchScreen.storyboard; sourceTree = "<group>"; };
		96E34E3624F4BA40009AF848 /* Info.plist */ = {isa = PBXFileReference; lastKnownFileType = text.plist.xml; path = Info.plist; sourceTree = "<group>"; };
		96E34E3C24F4DB5C009AF848 /* HomeScreenController.swift */ = {isa = PBXFileReference; lastKnownFileType = sourcecode.swift; path = HomeScreenController.swift; sourceTree = "<group>"; };
/* End PBXFileReference section */

/* Begin PBXFrameworksBuildPhase section */
		96E34E1D24F4BA3D009AF848 /* Frameworks */ = {
			isa = PBXFrameworksBuildPhase;
			buildActionMask = 2147483647;
			files = (
			);
			runOnlyForDeploymentPostprocessing = 0;
		};
/* End PBXFrameworksBuildPhase section */

/* Begin PBXGroup section */
		96654BF924FDF522000D7512 /* View */ = {
			isa = PBXGroup;
			children = (
				96E34E2B24F4BA3D009AF848 /* Main.storyboard */,
			);
			path = View;
			sourceTree = "<group>";
		};
		96654BFA24FDF52A000D7512 /* Controllers */ = {
			isa = PBXGroup;
			children = (
				96654BF124FD10EF000D7512 /* InitializeDefaultExhibits.swift */,
				96E34E3C24F4DB5C009AF848 /* HomeScreenController.swift */,
				96654BFD24FDFDA9000D7512 /* ExhibitTableViewController.swift */,
				96654BFF24FDFE24000D7512 /* ExhibitTableViewCell.swift */,
				96239043250533E00045844E /* ExhibitDetailViewController.swift */,
				96239045250534630045844E /* PlantTableViewController.swift */,
				962390472505347B0045844E /* PlantTableViewCell.swift */,
				962A718C2506098900020610 /* AddExhibitionViewController.swift */,
				962A718E25060A7200020610 /* Constants.swift */,
				961C42AB250F857F0041B4FB /* EditPlantViewController.swift */,
				961C42B32511D0D10041B4FB /* ExhibitDetailPantTableViewCell.swift */,
				961C42B5251248140041B4FB /* LoadingViewController.swift */,
			);
			path = Controllers;
			sourceTree = "<group>";
		};
		96B4C48B24F67B1000C33B42 /* DataModel */ = {
			isa = PBXGroup;
			children = (
				96654BF324FD16A3000D7512 /* ExhibitAnnotation.swift */,
				960F14C424FBDD3A0009046E /* Exhibition+CoreDataClass.swift */,
				960F14C524FBDD3A0009046E /* Exhibition+CoreDataProperties.swift */,
				960F14C624FBDD3A0009046E /* Plant+CoreDataClass.swift */,
				960F14C724FBDD3A0009046E /* Plant+CoreDataProperties.swift */,
				96E34E2E24F4BA3D009AF848 /* Garden_Exhibitor_Aid.xcdatamodeld */,
				962A71902506801800020610 /* PlantSearch.swift */,
				96D6230225072CB5003EAC92 /* PlantModel.swift */,
			);
			path = DataModel;
			sourceTree = "<group>";
		};
		96E34E1724F4BA3D009AF848 = {
			isa = PBXGroup;
			children = (
				961C42AE25106C3A0041B4FB /* two.gpx */,
				961C42AD25106B7D0041B4FB /* default.gpx */,
				96E34E2224F4BA3D009AF848 /* Garden Exhibitor Aid */,
				96E34E2124F4BA3D009AF848 /* Products */,
			);
			sourceTree = "<group>";
		};
		96E34E2124F4BA3D009AF848 /* Products */ = {
			isa = PBXGroup;
			children = (
				96E34E2024F4BA3D009AF848 /* Garden Exhibitor Aid.app */,
			);
			name = Products;
			sourceTree = "<group>";
		};
		96E34E2224F4BA3D009AF848 /* Garden Exhibitor Aid */ = {
			isa = PBXGroup;
			children = (
				96654BFA24FDF52A000D7512 /* Controllers */,
				96654BF924FDF522000D7512 /* View */,
				96B4C48B24F67B1000C33B42 /* DataModel */,
				96E34E2324F4BA3D009AF848 /* AppDelegate.swift */,
				96E34E2524F4BA3D009AF848 /* SceneDelegate.swift */,
				96E34E3124F4BA40009AF848 /* Assets.xcassets */,
				96E34E3324F4BA40009AF848 /* LaunchScreen.storyboard */,
				96E34E3624F4BA40009AF848 /* Info.plist */,
			);
			path = "Garden Exhibitor Aid";
			sourceTree = "<group>";
		};
/* End PBXGroup section */

/* Begin PBXNativeTarget section */
		96E34E1F24F4BA3D009AF848 /* Garden Exhibitor Aid */ = {
			isa = PBXNativeTarget;
			buildConfigurationList = 96E34E3924F4BA40009AF848 /* Build configuration list for PBXNativeTarget "Garden Exhibitor Aid" */;
			buildPhases = (
				96E34E1C24F4BA3D009AF848 /* Sources */,
				96E34E1D24F4BA3D009AF848 /* Frameworks */,
				96E34E1E24F4BA3D009AF848 /* Resources */,
			);
			buildRules = (
			);
			dependencies = (
			);
			name = "Garden Exhibitor Aid";
			productName = "Garden Exhibitor Aid";
			productReference = 96E34E2024F4BA3D009AF848 /* Garden Exhibitor Aid.app */;
			productType = "com.apple.product-type.application";
		};
/* End PBXNativeTarget section */

/* Begin PBXProject section */
		96E34E1824F4BA3D009AF848 /* Project object */ = {
			isa = PBXProject;
			attributes = {
				LastSwiftUpdateCheck = 1160;
				LastUpgradeCheck = 1160;
				ORGANIZATIONNAME = "Kshitij Pandey";
				TargetAttributes = {
					96E34E1F24F4BA3D009AF848 = {
						CreatedOnToolsVersion = 11.6;
					};
				};
			};
			buildConfigurationList = 96E34E1B24F4BA3D009AF848 /* Build configuration list for PBXProject "Garden Exhibitor Aid" */;
			compatibilityVersion = "Xcode 9.3";
			developmentRegion = en;
			hasScannedForEncodings = 0;
			knownRegions = (
				en,
				Base,
			);
			mainGroup = 96E34E1724F4BA3D009AF848;
			productRefGroup = 96E34E2124F4BA3D009AF848 /* Products */;
			projectDirPath = "";
			projectRoot = "";
			targets = (
				96E34E1F24F4BA3D009AF848 /* Garden Exhibitor Aid */,
			);
		};
/* End PBXProject section */

/* Begin PBXResourcesBuildPhase section */
		96E34E1E24F4BA3D009AF848 /* Resources */ = {
			isa = PBXResourcesBuildPhase;
			buildActionMask = 2147483647;
			files = (
				96E34E3524F4BA40009AF848 /* LaunchScreen.storyboard in Resources */,
				96E34E3224F4BA40009AF848 /* Assets.xcassets in Resources */,
				96E34E2D24F4BA3D009AF848 /* Main.storyboard in Resources */,
			);
			runOnlyForDeploymentPostprocessing = 0;
		};
/* End PBXResourcesBuildPhase section */

/* Begin PBXSourcesBuildPhase section */
		96E34E1C24F4BA3D009AF848 /* Sources */ = {
			isa = PBXSourcesBuildPhase;
			buildActionMask = 2147483647;
			files = (
				961C42B42511D0D10041B4FB /* ExhibitDetailPantTableViewCell.swift in Sources */,
				960F14C824FBDD3A0009046E /* Exhibition+CoreDataClass.swift in Sources */,
				962390482505347B0045844E /* PlantTableViewCell.swift in Sources */,
				96654BF224FD10EF000D7512 /* InitializeDefaultExhibits.swift in Sources */,
				96D6230325072CB5003EAC92 /* PlantModel.swift in Sources */,
				96E34E3024F4BA3D009AF848 /* Garden_Exhibitor_Aid.xcdatamodeld in Sources */,
				960F14CB24FBDD3A0009046E /* Plant+CoreDataProperties.swift in Sources */,
				96654C0024FDFE24000D7512 /* ExhibitTableViewCell.swift in Sources */,
				960F14CA24FBDD3A0009046E /* Plant+CoreDataClass.swift in Sources */,
				961C42AC250F857F0041B4FB /* EditPlantViewController.swift in Sources */,
				960F14C924FBDD3A0009046E /* Exhibition+CoreDataProperties.swift in Sources */,
				96E34E3D24F4DB5C009AF848 /* HomeScreenController.swift in Sources */,
				96E34E2424F4BA3D009AF848 /* AppDelegate.swift in Sources */,
				96239046250534630045844E /* PlantTableViewController.swift in Sources */,
				962A71912506801800020610 /* PlantSearch.swift in Sources */,
				96654BFE24FDFDA9000D7512 /* ExhibitTableViewController.swift in Sources */,
				96654BF424FD16A3000D7512 /* ExhibitAnnotation.swift in Sources */,
				96239044250533E00045844E /* ExhibitDetailViewController.swift in Sources */,
				962A718D2506098900020610 /* AddExhibitionViewController.swift in Sources */,
				961C42B6251248150041B4FB /* LoadingViewController.swift in Sources */,
				96E34E2624F4BA3D009AF848 /* SceneDelegate.swift in Sources */,
				962A718F25060A7200020610 /* Constants.swift in Sources */,
			);
			runOnlyForDeploymentPostprocessing = 0;
		};
/* End PBXSourcesBuildPhase section */

/* Begin PBXVariantGroup section */
		96E34E2B24F4BA3D009AF848 /* Main.storyboard */ = {
			isa = PBXVariantGroup;
			children = (
				96E34E2C24F4BA3D009AF848 /* Base */,
			);
			name = Main.storyboard;
			sourceTree = "<group>";
		};
		96E34E3324F4BA40009AF848 /* LaunchScreen.storyboard */ = {
			isa = PBXVariantGroup;
			children = (
				96E34E3424F4BA40009AF848 /* Base */,
			);
			name = LaunchScreen.storyboard;
			sourceTree = "<group>";
		};
/* End PBXVariantGroup section */

/* Begin XCBuildConfiguration section */
		96E34E3724F4BA40009AF848 /* Debug */ = {
			isa = XCBuildConfiguration;
			buildSettings = {
				ALWAYS_SEARCH_USER_PATHS = NO;
				CLANG_ANALYZER_NONNULL = YES;
				CLANG_ANALYZER_NUMBER_OBJECT_CONVERSION = YES_AGGRESSIVE;
				CLANG_CXX_LANGUAGE_STANDARD = "gnu++14";
				CLANG_CXX_LIBRARY = "libc++";
				CLANG_ENABLE_MODULES = YES;
				CLANG_ENABLE_OBJC_ARC = YES;
				CLANG_ENABLE_OBJC_WEAK = YES;
				CLANG_WARN_BLOCK_CAPTURE_AUTORELEASING = YES;
				CLANG_WARN_BOOL_CONVERSION = YES;
				CLANG_WARN_COMMA = YES;
				CLANG_WARN_CONSTANT_CONVERSION = YES;
				CLANG_WARN_DEPRECATED_OBJC_IMPLEMENTATIONS = YES;
				CLANG_WARN_DIRECT_OBJC_ISA_USAGE = YES_ERROR;
				CLANG_WARN_DOCUMENTATION_COMMENTS = YES;
				CLANG_WARN_EMPTY_BODY = YES;
				CLANG_WARN_ENUM_CONVERSION = YES;
				CLANG_WARN_INFINITE_RECURSION = YES;
				CLANG_WARN_INT_CONVERSION = YES;
				CLANG_WARN_NON_LITERAL_NULL_CONVERSION = YES;
				CLANG_WARN_OBJC_IMPLICIT_RETAIN_SELF = YES;
				CLANG_WARN_OBJC_LITERAL_CONVERSION = YES;
				CLANG_WARN_OBJC_ROOT_CLASS = YES_ERROR;
				CLANG_WARN_RANGE_LOOP_ANALYSIS = YES;
				CLANG_WARN_STRICT_PROTOTYPES = YES;
				CLANG_WARN_SUSPICIOUS_MOVE = YES;
				CLANG_WARN_UNGUARDED_AVAILABILITY = YES_AGGRESSIVE;
				CLANG_WARN_UNREACHABLE_CODE = YES;
				CLANG_WARN__DUPLICATE_METHOD_MATCH = YES;
				COPY_PHASE_STRIP = NO;
				DEBUG_INFORMATION_FORMAT = dwarf;
				ENABLE_STRICT_OBJC_MSGSEND = YES;
				ENABLE_TESTABILITY = YES;
				GCC_C_LANGUAGE_STANDARD = gnu11;
				GCC_DYNAMIC_NO_PIC = NO;
				GCC_NO_COMMON_BLOCKS = YES;
				GCC_OPTIMIZATION_LEVEL = 0;
				GCC_PREPROCESSOR_DEFINITIONS = (
					"DEBUG=1",
					"$(inherited)",
				);
				GCC_WARN_64_TO_32_BIT_CONVERSION = YES;
				GCC_WARN_ABOUT_RETURN_TYPE = YES_ERROR;
				GCC_WARN_UNDECLARED_SELECTOR = YES;
				GCC_WARN_UNINITIALIZED_AUTOS = YES_AGGRESSIVE;
				GCC_WARN_UNUSED_FUNCTION = YES;
				GCC_WARN_UNUSED_VARIABLE = YES;
				IPHONEOS_DEPLOYMENT_TARGET = 13.6;
				MTL_ENABLE_DEBUG_INFO = INCLUDE_SOURCE;
				MTL_FAST_MATH = YES;
				ONLY_ACTIVE_ARCH = YES;
				SDKROOT = iphoneos;
				SWIFT_ACTIVE_COMPILATION_CONDITIONS = DEBUG;
				SWIFT_OPTIMIZATION_LEVEL = "-Onone";
			};
			name = Debug;
		};
		96E34E3824F4BA40009AF848 /* Release */ = {
			isa = XCBuildConfiguration;
			buildSettings = {
				ALWAYS_SEARCH_USER_PATHS = NO;
				CLANG_ANALYZER_NONNULL = YES;
				CLANG_ANALYZER_NUMBER_OBJECT_CONVERSION = YES_AGGRESSIVE;
				CLANG_CXX_LANGUAGE_STANDARD = "gnu++14";
				CLANG_CXX_LIBRARY = "libc++";
				CLANG_ENABLE_MODULES = YES;
				CLANG_ENABLE_OBJC_ARC = YES;
				CLANG_ENABLE_OBJC_WEAK = YES;
				CLANG_WARN_BLOCK_CAPTURE_AUTORELEASING = YES;
				CLANG_WARN_BOOL_CONVERSION = YES;
				CLANG_WARN_COMMA = YES;
				CLANG_WARN_CONSTANT_CONVERSION = YES;
				CLANG_WARN_DEPRECATED_OBJC_IMPLEMENTATIONS = YES;
				CLANG_WARN_DIRECT_OBJC_ISA_USAGE = YES_ERROR;
				CLANG_WARN_DOCUMENTATION_COMMENTS = YES;
				CLANG_WARN_EMPTY_BODY = YES;
				CLANG_WARN_ENUM_CONVERSION = YES;
				CLANG_WARN_INFINITE_RECURSION = YES;
				CLANG_WARN_INT_CONVERSION = YES;
				CLANG_WARN_NON_LITERAL_NULL_CONVERSION = YES;
				CLANG_WARN_OBJC_IMPLICIT_RETAIN_SELF = YES;
				CLANG_WARN_OBJC_LITERAL_CONVERSION = YES;
				CLANG_WARN_OBJC_ROOT_CLASS = YES_ERROR;
				CLANG_WARN_RANGE_LOOP_ANALYSIS = YES;
				CLANG_WARN_STRICT_PROTOTYPES = YES;
				CLANG_WARN_SUSPICIOUS_MOVE = YES;
				CLANG_WARN_UNGUARDED_AVAILABILITY = YES_AGGRESSIVE;
				CLANG_WARN_UNREACHABLE_CODE = YES;
				CLANG_WARN__DUPLICATE_METHOD_MATCH = YES;
				COPY_PHASE_STRIP = NO;
				DEBUG_INFORMATION_FORMAT = "dwarf-with-dsym";
				ENABLE_NS_ASSERTIONS = NO;
				ENABLE_STRICT_OBJC_MSGSEND = YES;
				GCC_C_LANGUAGE_STANDARD = gnu11;
				GCC_NO_COMMON_BLOCKS = YES;
				GCC_WARN_64_TO_32_BIT_CONVERSION = YES;
				GCC_WARN_ABOUT_RETURN_TYPE = YES_ERROR;
				GCC_WARN_UNDECLARED_SELECTOR = YES;
				GCC_WARN_UNINITIALIZED_AUTOS = YES_AGGRESSIVE;
				GCC_WARN_UNUSED_FUNCTION = YES;
				GCC_WARN_UNUSED_VARIABLE = YES;
				IPHONEOS_DEPLOYMENT_TARGET = 13.6;
				MTL_ENABLE_DEBUG_INFO = NO;
				MTL_FAST_MATH = YES;
				SDKROOT = iphoneos;
				SWIFT_COMPILATION_MODE = wholemodule;
				SWIFT_OPTIMIZATION_LEVEL = "-O";
				VALIDATE_PRODUCT = YES;
			};
			name = Release;
		};
		96E34E3A24F4BA40009AF848 /* Debug */ = {
			isa = XCBuildConfiguration;
			buildSettings = {
				ASSETCATALOG_COMPILER_APPICON_NAME = AppIcon;
				CODE_SIGN_STYLE = Automatic;
				DEVELOPMENT_TEAM = QXTQMS2VQ4;
				INFOPLIST_FILE = "Garden Exhibitor Aid/Info.plist";
				IPHONEOS_DEPLOYMENT_TARGET = 13.0;
				LD_RUNPATH_SEARCH_PATHS = (
					"$(inherited)",
					"@executable_path/Frameworks",
				);
				PRODUCT_BUNDLE_IDENTIFIER = "com.kshitij.Garden-Exhibitor-Aid";
				PRODUCT_NAME = "$(TARGET_NAME)";
				SWIFT_VERSION = 5.0;
				TARGETED_DEVICE_FAMILY = "1,2";
			};
			name = Debug;
		};
		96E34E3B24F4BA40009AF848 /* Release */ = {
			isa = XCBuildConfiguration;
			buildSettings = {
				ASSETCATALOG_COMPILER_APPICON_NAME = AppIcon;
				CODE_SIGN_STYLE = Automatic;
				DEVELOPMENT_TEAM = QXTQMS2VQ4;
				INFOPLIST_FILE = "Garden Exhibitor Aid/Info.plist";
				IPHONEOS_DEPLOYMENT_TARGET = 13.0;
				LD_RUNPATH_SEARCH_PATHS = (
					"$(inherited)",
					"@executable_path/Frameworks",
				);
				PRODUCT_BUNDLE_IDENTIFIER = "com.kshitij.Garden-Exhibitor-Aid";
				PRODUCT_NAME = "$(TARGET_NAME)";
				SWIFT_VERSION = 5.0;
				TARGETED_DEVICE_FAMILY = "1,2";
			};
			name = Release;
		};
/* End XCBuildConfiguration section */

/* Begin XCConfigurationList section */
		96E34E1B24F4BA3D009AF848 /* Build configuration list for PBXProject "Garden Exhibitor Aid" */ = {
			isa = XCConfigurationList;
			buildConfigurations = (
				96E34E3724F4BA40009AF848 /* Debug */,
				96E34E3824F4BA40009AF848 /* Release */,
			);
			defaultConfigurationIsVisible = 0;
			defaultConfigurationName = Release;
		};
		96E34E3924F4BA40009AF848 /* Build configuration list for PBXNativeTarget "Garden Exhibitor Aid" */ = {
			isa = XCConfigurationList;
			buildConfigurations = (
				96E34E3A24F4BA40009AF848 /* Debug */,
				96E34E3B24F4BA40009AF848 /* Release */,
			);
			defaultConfigurationIsVisible = 0;
			defaultConfigurationName = Release;
		};
/* End XCConfigurationList section */

/* Begin XCVersionGroup section */
		96E34E2E24F4BA3D009AF848 /* Garden_Exhibitor_Aid.xcdatamodeld */ = {
			isa = XCVersionGroup;
			children = (
				96E34E2F24F4BA3D009AF848 /* Garden_Exhibitor_Aid.xcdatamodel */,
			);
			currentVersion = 96E34E2F24F4BA3D009AF848 /* Garden_Exhibitor_Aid.xcdatamodel */;
			path = Garden_Exhibitor_Aid.xcdatamodeld;
			sourceTree = "<group>";
			versionGroupType = wrapper.xcdatamodel;
		};
/* End XCVersionGroup section */
	};
	rootObject = 96E34E1824F4BA3D009AF848 /* Project object */;
}
